
Microsoft Visual Studio Solution File, Format Version 12.00
# Visual Studio Version 17
VisualStudioVersion = 17.0.32126.317
MinimumVisualStudioVersion = 10.0.40219.1
Project("{2150E333-8FDC-42A3-9474-1A3956D46DE8}") = "Services", "Services", "{2544BF79-20DD-405A-8CD2-9731ED254592}"
EndProject
Project("{9A19103F-16F7-4668-BE54-9A1E7A4F7556}") = "API", "API\API.csproj", "{2C94AA68-D0CB-4FFE-B586-2F3E110C6BC2}"
EndProject
Project("{FAE04EC0-301F-11D3-BF4B-00C04F79EFBC}") = "MS.Domain", "MS.Domain\MS.Domain.csproj", "{23CE6DC1-12AD-451F-A25A-3D57AEEFA621}"
EndProject
Project("{FAE04EC0-301F-11D3-BF4B-00C04F79EFBC}") = "MS.Infra.Data", "MS.Infra.Data\MS.Infra.Data.csproj", "{B1B56131-59DD-4671-8C60-1FFECD4005DD}"
EndProject
Project("{FAE04EC0-301F-11D3-BF4B-00C04F79EFBC}") = "MS.Entities", "MS.Entities\MS.Entities.csproj", "{4A0B009E-2039-4D0A-9FA5-1D2DD578849E}"
EndProject
Global
	GlobalSection(SolutionConfigurationPlatforms) = preSolution
		Debug|Any CPU = Debug|Any CPU
		Release|Any CPU = Release|Any CPU
	EndGlobalSection
	GlobalSection(ProjectConfigurationPlatforms) = postSolution
		{2C94AA68-D0CB-4FFE-B586-2F3E110C6BC2}.Debug|Any CPU.ActiveCfg = Debug|Any CPU
		{2C94AA68-D0CB-4FFE-B586-2F3E110C6BC2}.Debug|Any CPU.Build.0 = Debug|Any CPU
		{2C94AA68-D0CB-4FFE-B586-2F3E110C6BC2}.Release|Any CPU.ActiveCfg = Release|Any CPU
		{2C94AA68-D0CB-4FFE-B586-2F3E110C6BC2}.Release|Any CPU.Build.0 = Release|Any CPU
		{23CE6DC1-12AD-451F-A25A-3D57AEEFA621}.Debug|Any CPU.ActiveCfg = Debug|Any CPU
		{23CE6DC1-12AD-451F-A25A-3D57AEEFA621}.Debug|Any CPU.Build.0 = Debug|Any CPU
		{23CE6DC1-12AD-451F-A25A-3D57AEEFA621}.Release|Any CPU.ActiveCfg = Release|Any CPU
		{23CE6DC1-12AD-451F-A25A-3D57AEEFA621}.Release|Any CPU.Build.0 = Release|Any CPU
		{B1B56131-59DD-4671-8C60-1FFECD4005DD}.Debug|Any CPU.ActiveCfg = Debug|Any CPU
		{B1B56131-59DD-4671-8C60-1FFECD4005DD}.Debug|Any CPU.Build.0 = Debug|Any CPU
		{B1B56131-59DD-4671-8C60-1FFECD4005DD}.Release|Any CPU.ActiveCfg = Release|Any CPU
		{B1B56131-59DD-4671-8C60-1FFECD4005DD}.Release|Any CPU.Build.0 = Release|Any CPU
		{4A0B009E-2039-4D0A-9FA5-1D2DD578849E}.Debug|Any CPU.ActiveCfg = Debug|Any CPU
		{4A0B009E-2039-4D0A-9FA5-1D2DD578849E}.Debug|Any CPU.Build.0 = Debug|Any CPU
		{4A0B009E-2039-4D0A-9FA5-1D2DD578849E}.Release|Any CPU.ActiveCfg = Release|Any CPU
		{4A0B009E-2039-4D0A-9FA5-1D2DD578849E}.Release|Any CPU.Build.0 = Release|Any CPU
	EndGlobalSection
	GlobalSection(SolutionProperties) = preSolution
		HideSolutionNode = FALSE
	EndGlobalSection
	GlobalSection(NestedProjects) = preSolution
		{2C94AA68-D0CB-4FFE-B586-2F3E110C6BC2} = {2544BF79-20DD-405A-8CD2-9731ED254592}
		{23CE6DC1-12AD-451F-A25A-3D57AEEFA621} = {2544BF79-20DD-405A-8CD2-9731ED254592}
		{B1B56131-59DD-4671-8C60-1FFECD4005DD} = {2544BF79-20DD-405A-8CD2-9731ED254592}
		{4A0B009E-2039-4D0A-9FA5-1D2DD578849E} = {2544BF79-20DD-405A-8CD2-9731ED254592}
	EndGlobalSection
	GlobalSection(ExtensibilityGlobals) = postSolution
		SolutionGuid = {BD20D386-38EB-413E-A9F7-B84A88EF97B5}
	EndGlobalSection
EndGlobal
